
Microsoft Visual Studio Solution File, Format Version 12.00
# Visual Studio 15
VisualStudioVersion = 15.0.28307.438
MinimumVisualStudioVersion = 10.0.40219.1
Project("{8BC9CEB8-8B4A-11D0-8D11-00A0C91BC942}") = "顺序循环队列", "顺序循环队列\顺序循环队列.vcxproj", "{ACBA7A1D-C1E6-4EC4-895F-9DAFFF138C26}"
EndProject
Project("{8BC9CEB8-8B4A-11D0-8D11-00A0C91BC942}") = "链式队列", "链式队列\链式队列.vcxproj", "{B83E9DD3-8EF9-4917-9792-A6BAF125CF26}"
EndProject
Global
	GlobalSection(SolutionConfigurationPlatforms) = preSolution
		Debug|x64 = Debug|x64
		Debug|x86 = Debug|x86
		Release|x64 = Release|x64
		Release|x86 = Release|x86
	EndGlobalSection
	GlobalSection(ProjectConfigurationPlatforms) = postSolution
		{ACBA7A1D-C1E6-4EC4-895F-9DAFFF138C26}.Debug|x64.ActiveCfg = Debug|x64
		{ACBA7A1D-C1E6-4EC4-895F-9DAFFF138C26}.Debug|x64.Build.0 = Debug|x64
		{ACBA7A1D-C1E6-4EC4-895F-9DAFFF138C26}.Debug|x86.ActiveCfg = Debug|Win32
		{ACBA7A1D-C1E6-4EC4-895F-9DAFFF138C26}.Debug|x86.Build.0 = Debug|Win32
		{ACBA7A1D-C1E6-4EC4-895F-9DAFFF138C26}.Release|x64.ActiveCfg = Release|x64
		{ACBA7A1D-C1E6-4EC4-895F-9DAFFF138C26}.Release|x64.Build.0 = Release|x64
		{ACBA7A1D-C1E6-4EC4-895F-9DAFFF138C26}.Release|x86.ActiveCfg = Release|Win32
		{ACBA7A1D-C1E6-4EC4-895F-9DAFFF138C26}.Release|x86.Build.0 = Release|Win32
		{B83E9DD3-8EF9-4917-9792-A6BAF125CF26}.Debug|x64.ActiveCfg = Debug|x64
		{B83E9DD3-8EF9-4917-9792-A6BAF125CF26}.Debug|x64.Build.0 = Debug|x64
		{B83E9DD3-8EF9-4917-9792-A6BAF125CF26}.Debug|x86.ActiveCfg = Debug|Win32
		{B83E9DD3-8EF9-4917-9792-A6BAF125CF26}.Debug|x86.Build.0 = Debug|Win32
		{B83E9DD3-8EF9-4917-9792-A6BAF125CF26}.Release|x64.ActiveCfg = Release|x64
		{B83E9DD3-8EF9-4917-9792-A6BAF125CF26}.Release|x64.Build.0 = Release|x64
		{B83E9DD3-8EF9-4917-9792-A6BAF125CF26}.Release|x86.ActiveCfg = Release|Win32
		{B83E9DD3-8EF9-4917-9792-A6BAF125CF26}.Release|x86.Build.0 = Release|Win32
	EndGlobalSection
	GlobalSection(SolutionProperties) = preSolution
		HideSolutionNode = FALSE
	EndGlobalSection
	GlobalSection(ExtensibilityGlobals) = postSolution
		SolutionGuid = {B5FBFFC4-5103-49E1-BE7F-7F681F1C209D}
	EndGlobalSection
EndGlobal
