
Microsoft Visual Studio Solution File, Format Version 12.00
# Visual Studio 15
VisualStudioVersion = 15.0.28307.438
MinimumVisualStudioVersion = 10.0.40219.1
Project("{8BC9CEB8-8B4A-11D0-8D11-00A0C91BC942}") = "第一题", "第一题\第一题.vcxproj", "{8454C911-1446-4129-BF4C-80CB2CCEA2A7}"
EndProject
Project("{8BC9CEB8-8B4A-11D0-8D11-00A0C91BC942}") = "第二题", "第二题\第二题.vcxproj", "{6C04D0CD-9409-48A7-925B-C2B0B73118E1}"
EndProject
Global
	GlobalSection(SolutionConfigurationPlatforms) = preSolution
		Debug|x64 = Debug|x64
		Debug|x86 = Debug|x86
		Release|x64 = Release|x64
		Release|x86 = Release|x86
	EndGlobalSection
	GlobalSection(ProjectConfigurationPlatforms) = postSolution
		{8454C911-1446-4129-BF4C-80CB2CCEA2A7}.Debug|x64.ActiveCfg = Debug|x64
		{8454C911-1446-4129-BF4C-80CB2CCEA2A7}.Debug|x64.Build.0 = Debug|x64
		{8454C911-1446-4129-BF4C-80CB2CCEA2A7}.Debug|x86.ActiveCfg = Debug|Win32
		{8454C911-1446-4129-BF4C-80CB2CCEA2A7}.Debug|x86.Build.0 = Debug|Win32
		{8454C911-1446-4129-BF4C-80CB2CCEA2A7}.Release|x64.ActiveCfg = Release|x64
		{8454C911-1446-4129-BF4C-80CB2CCEA2A7}.Release|x64.Build.0 = Release|x64
		{8454C911-1446-4129-BF4C-80CB2CCEA2A7}.Release|x86.ActiveCfg = Release|Win32
		{8454C911-1446-4129-BF4C-80CB2CCEA2A7}.Release|x86.Build.0 = Release|Win32
		{6C04D0CD-9409-48A7-925B-C2B0B73118E1}.Debug|x64.ActiveCfg = Debug|x64
		{6C04D0CD-9409-48A7-925B-C2B0B73118E1}.Debug|x64.Build.0 = Debug|x64
		{6C04D0CD-9409-48A7-925B-C2B0B73118E1}.Debug|x86.ActiveCfg = Debug|Win32
		{6C04D0CD-9409-48A7-925B-C2B0B73118E1}.Debug|x86.Build.0 = Debug|Win32
		{6C04D0CD-9409-48A7-925B-C2B0B73118E1}.Release|x64.ActiveCfg = Release|x64
		{6C04D0CD-9409-48A7-925B-C2B0B73118E1}.Release|x64.Build.0 = Release|x64
		{6C04D0CD-9409-48A7-925B-C2B0B73118E1}.Release|x86.ActiveCfg = Release|Win32
		{6C04D0CD-9409-48A7-925B-C2B0B73118E1}.Release|x86.Build.0 = Release|Win32
	EndGlobalSection
	GlobalSection(SolutionProperties) = preSolution
		HideSolutionNode = FALSE
	EndGlobalSection
	GlobalSection(ExtensibilityGlobals) = postSolution
		SolutionGuid = {4FA61E37-9640-48EA-A6BD-48D505C58CEC}
	EndGlobalSection
EndGlobal
